
Microsoft Visual Studio Solution File, Format Version 12.00
# Visual Studio 15
VisualStudioVersion = 15.0.27703.2026
MinimumVisualStudioVersion = 10.0.40219.1
Project("{FAE04EC0-301F-11D3-BF4B-00C04F79EFBC}") = "Captcha", "Captcha\Captcha.csproj", "{D883E45A-C661-4D49-BB56-2712F2F44022}"
EndProject
Global
	GlobalSection(SolutionConfigurationPlatforms) = preSolution
		Debug|Any CPU = Debug|Any CPU
		Release|Any CPU = Release|Any CPU
	EndGlobalSection
	GlobalSection(ProjectConfigurationPlatforms) = postSolution
		{D883E45A-C661-4D49-BB56-2712F2F44022}.Debug|Any CPU.ActiveCfg = Debug|Any CPU
		{D883E45A-C661-4D49-BB56-2712F2F44022}.Debug|Any CPU.Build.0 = Debug|Any CPU
		{D883E45A-C661-4D49-BB56-2712F2F44022}.Release|Any CPU.ActiveCfg = Release|Any CPU
		{D883E45A-C661-4D49-BB56-2712F2F44022}.Release|Any CPU.Build.0 = Release|Any CPU
	EndGlobalSection
	GlobalSection(SolutionProperties) = preSolution
		HideSolutionNode = FALSE
	EndGlobalSection
	GlobalSection(ExtensibilityGlobals) = postSolution
		SolutionGuid = {AC903680-7CE6-46D0-8DB6-E81447C7AB45}
	EndGlobalSection
EndGlobal
